// !$*UTF8*$!
{
	archiveVersion = 1;
	classes = {
	};
	objectVersion = 46;
	objects = {

/* Begin PBXBuildFile section */
		BA5BCA1FC0C3B7E4D16F0465 /* Pods_RxSwiftTests.framework in Frameworks */ = {isa = PBXBuildFile; fileRef = E865552046D783E08DCE6053 /* Pods_RxSwiftTests.framework */; };
		D43B751D1EE53D590036F168 /* Storyboard.swift in Sources */ = {isa = PBXBuildFile; fileRef = D43B751C1EE53D590036F168 /* Storyboard.swift */; };
		D4541BDA1EE50FDF00686A27 /* AppDelegate.swift in Sources */ = {isa = PBXBuildFile; fileRef = D4541BD91EE50FDF00686A27 /* AppDelegate.swift */; };
		D4541BDF1EE50FDF00686A27 /* Main.storyboard in Resources */ = {isa = PBXBuildFile; fileRef = D4541BDD1EE50FDF00686A27 /* Main.storyboard */; };
		D4541BE11EE50FDF00686A27 /* Assets.xcassets in Resources */ = {isa = PBXBuildFile; fileRef = D4541BE01EE50FDF00686A27 /* Assets.xcassets */; };
		D4541BE41EE50FDF00686A27 /* LaunchScreen.storyboard in Resources */ = {isa = PBXBuildFile; fileRef = D4541BE21EE50FDF00686A27 /* LaunchScreen.storyboard */; };
		D4541BEF1EE50FDF00686A27 /* RxSwiftTests.swift in Sources */ = {isa = PBXBuildFile; fileRef = D4541BEE1EE50FDF00686A27 /* RxSwiftTests.swift */; };
		D4541BFA1EE5151F00686A27 /* ExamplesController.swift in Sources */ = {isa = PBXBuildFile; fileRef = D4541BF91EE5151F00686A27 /* ExamplesController.swift */; };
		D4541BFD1EE5194700686A27 /* Calculator.storyboard in Resources */ = {isa = PBXBuildFile; fileRef = D4541BFC1EE5194700686A27 /* Calculator.storyboard */; };
		D4541BFF1EE5197000686A27 /* CalculatorController.swift in Sources */ = {isa = PBXBuildFile; fileRef = D4541BFE1EE5197000686A27 /* CalculatorController.swift */; };
		D4541C051EE524A100686A27 /* ViewController.swift in Sources */ = {isa = PBXBuildFile; fileRef = D4541C041EE524A100686A27 /* ViewController.swift */; };
		DC2D2AF09E5522FE967C45F4 /* Pods_RxSwift.framework in Frameworks */ = {isa = PBXBuildFile; fileRef = D4C8FCA24CEAFF093C07CE2F /* Pods_RxSwift.framework */; };
/* End PBXBuildFile section */

/* Begin PBXContainerItemProxy section */
		D4541BEB1EE50FDF00686A27 /* PBXContainerItemProxy */ = {
			isa = PBXContainerItemProxy;
			containerPortal = D4541BCE1EE50FDE00686A27 /* Project object */;
			proxyType = 1;
			remoteGlobalIDString = D4541BD51EE50FDE00686A27;
			remoteInfo = RxSwift;
		};
/* End PBXContainerItemProxy section */

/* Begin PBXFileReference section */
		0B47011D9B4D4FFF38ECF462 /* Pods-RxSwiftTests.debug.xcconfig */ = {isa = PBXFileReference; includeInIndex = 1; lastKnownFileType = text.xcconfig; name = "Pods-RxSwiftTests.debug.xcconfig"; path = "Pods/Target Support Files/Pods-RxSwiftTests/Pods-RxSwiftTests.debug.xcconfig"; sourceTree = "<group>"; };
		13E6B2F8EAACAE25FC50B78C /* Pods-RxSwift.debug.xcconfig */ = {isa = PBXFileReference; includeInIndex = 1; lastKnownFileType = text.xcconfig; name = "Pods-RxSwift.debug.xcconfig"; path = "Pods/Target Support Files/Pods-RxSwift/Pods-RxSwift.debug.xcconfig"; sourceTree = "<group>"; };
		724AECA49D28754EB9FAC564 /* Pods-RxSwift.release.xcconfig */ = {isa = PBXFileReference; includeInIndex = 1; lastKnownFileType = text.xcconfig; name = "Pods-RxSwift.release.xcconfig"; path = "Pods/Target Support Files/Pods-RxSwift/Pods-RxSwift.release.xcconfig"; sourceTree = "<group>"; };
		D43B751C1EE53D590036F168 /* Storyboard.swift */ = {isa = PBXFileReference; fileEncoding = 4; lastKnownFileType = sourcecode.swift; path = Storyboard.swift; sourceTree = "<group>"; };
		D4541BD61EE50FDE00686A27 /* RxSwift.app */ = {isa = PBXFileReference; explicitFileType = wrapper.application; includeInIndex = 0; path = RxSwift.app; sourceTree = BUILT_PRODUCTS_DIR; };
		D4541BD91EE50FDF00686A27 /* AppDelegate.swift */ = {isa = PBXFileReference; lastKnownFileType = sourcecode.swift; path = AppDelegate.swift; sourceTree = "<group>"; };
		D4541BDE1EE50FDF00686A27 /* Base */ = {isa = PBXFileReference; lastKnownFileType = file.storyboard; name = Base; path = Base.lproj/Main.storyboard; sourceTree = "<group>"; };
		D4541BE01EE50FDF00686A27 /* Assets.xcassets */ = {isa = PBXFileReference; lastKnownFileType = folder.assetcatalog; path = Assets.xcassets; sourceTree = "<group>"; };
		D4541BE31EE50FDF00686A27 /* Base */ = {isa = PBXFileReference; lastKnownFileType = file.storyboard; name = Base; path = Base.lproj/LaunchScreen.storyboard; sourceTree = "<group>"; };
		D4541BE51EE50FDF00686A27 /* Info.plist */ = {isa = PBXFileReference; lastKnownFileType = text.plist.xml; path = Info.plist; sourceTree = "<group>"; };
		D4541BEA1EE50FDF00686A27 /* RxSwiftTests.xctest */ = {isa = PBXFileReference; explicitFileType = wrapper.cfbundle; includeInIndex = 0; path = RxSwiftTests.xctest; sourceTree = BUILT_PRODUCTS_DIR; };
		D4541BEE1EE50FDF00686A27 /* RxSwiftTests.swift */ = {isa = PBXFileReference; lastKnownFileType = sourcecode.swift; path = RxSwiftTests.swift; sourceTree = "<group>"; };
		D4541BF01EE50FDF00686A27 /* Info.plist */ = {isa = PBXFileReference; lastKnownFileType = text.plist.xml; path = Info.plist; sourceTree = "<group>"; };
		D4541BF91EE5151F00686A27 /* ExamplesController.swift */ = {isa = PBXFileReference; fileEncoding = 4; lastKnownFileType = sourcecode.swift; path = ExamplesController.swift; sourceTree = "<group>"; };
		D4541BFC1EE5194700686A27 /* Calculator.storyboard */ = {isa = PBXFileReference; fileEncoding = 4; lastKnownFileType = file.storyboard; path = Calculator.storyboard; sourceTree = "<group>"; };
		D4541BFE1EE5197000686A27 /* CalculatorController.swift */ = {isa = PBXFileReference; fileEncoding = 4; lastKnownFileType = sourcecode.swift; path = CalculatorController.swift; sourceTree = "<group>"; };
		D4541C041EE524A100686A27 /* ViewController.swift */ = {isa = PBXFileReference; fileEncoding = 4; lastKnownFileType = sourcecode.swift; path = ViewController.swift; sourceTree = "<group>"; };
		D4C8FCA24CEAFF093C07CE2F /* Pods_RxSwift.framework */ = {isa = PBXFileReference; explicitFileType = wrapper.framework; includeInIndex = 0; path = Pods_RxSwift.framework; sourceTree = BUILT_PRODUCTS_DIR; };
		E865552046D783E08DCE6053 /* Pods_RxSwiftTests.framework */ = {isa = PBXFileReference; explicitFileType = wrapper.framework; includeInIndex = 0; path = Pods_RxSwiftTests.framework; sourceTree = BUILT_PRODUCTS_DIR; };
		FF701F437BE2FF956764F346 /* Pods-RxSwiftTests.release.xcconfig */ = {isa = PBXFileReference; includeInIndex = 1; lastKnownFileType = text.xcconfig; name = "Pods-RxSwiftTests.release.xcconfig"; path = "Pods/Target Support Files/Pods-RxSwiftTests/Pods-RxSwiftTests.release.xcconfig"; sourceTree = "<group>"; };
/* End PBXFileReference section */

/* Begin PBXFrameworksBuildPhase section */
		D4541BD31EE50FDE00686A27 /* Frameworks */ = {
			isa = PBXFrameworksBuildPhase;
			buildActionMask = 2147483647;
			files = (
				DC2D2AF09E5522FE967C45F4 /* Pods_RxSwift.framework in Frameworks */,
			);
			runOnlyForDeploymentPostprocessing = 0;
		};
		D4541BE71EE50FDF00686A27 /* Frameworks */ = {
			isa = PBXFrameworksBuildPhase;
			buildActionMask = 2147483647;
			files = (
				BA5BCA1FC0C3B7E4D16F0465 /* Pods_RxSwiftTests.framework in Frameworks */,
			);
			runOnlyForDeploymentPostprocessing = 0;
		};
/* End PBXFrameworksBuildPhase section */

/* Begin PBXGroup section */
		13EBDEAAF3080E1A2A1BF4A1 /* Pods */ = {
			isa = PBXGroup;
			children = (
				13E6B2F8EAACAE25FC50B78C /* Pods-RxSwift.debug.xcconfig */,
				724AECA49D28754EB9FAC564 /* Pods-RxSwift.release.xcconfig */,
				0B47011D9B4D4FFF38ECF462 /* Pods-RxSwiftTests.debug.xcconfig */,
				FF701F437BE2FF956764F346 /* Pods-RxSwiftTests.release.xcconfig */,
			);
			name = Pods;
			sourceTree = "<group>";
		};
		80A4A9D38DFC6ADB50AFE9DA /* Frameworks */ = {
			isa = PBXGroup;
			children = (
				D4C8FCA24CEAFF093C07CE2F /* Pods_RxSwift.framework */,
				E865552046D783E08DCE6053 /* Pods_RxSwiftTests.framework */,
			);
			name = Frameworks;
			sourceTree = "<group>";
		};
		D4541BCD1EE50FDE00686A27 = {
			isa = PBXGroup;
			children = (
				D4541BD81EE50FDE00686A27 /* RxSwift */,
				D4541BED1EE50FDF00686A27 /* RxSwiftTests */,
				D4541BD71EE50FDE00686A27 /* Products */,
				13EBDEAAF3080E1A2A1BF4A1 /* Pods */,
				80A4A9D38DFC6ADB50AFE9DA /* Frameworks */,
			);
			sourceTree = "<group>";
		};
		D4541BD71EE50FDE00686A27 /* Products */ = {
			isa = PBXGroup;
			children = (
				D4541BD61EE50FDE00686A27 /* RxSwift.app */,
				D4541BEA1EE50FDF00686A27 /* RxSwiftTests.xctest */,
			);
			name = Products;
			sourceTree = "<group>";
		};
		D4541BD81EE50FDE00686A27 /* RxSwift */ = {
			isa = PBXGroup;
			children = (
				D4541C031EE524A100686A27 /* Utils */,
				D4541BFB1EE5193200686A27 /* Calculator */,
				D4541BD91EE50FDF00686A27 /* AppDelegate.swift */,
				D4541BF91EE5151F00686A27 /* ExamplesController.swift */,
				D4541BDD1EE50FDF00686A27 /* Main.storyboard */,
				D4541BE01EE50FDF00686A27 /* Assets.xcassets */,
				D4541BE21EE50FDF00686A27 /* LaunchScreen.storyboard */,
				D4541BE51EE50FDF00686A27 /* Info.plist */,
			);
			path = RxSwift;
			sourceTree = "<group>";
		};
		D4541BED1EE50FDF00686A27 /* RxSwiftTests */ = {
			isa = PBXGroup;
			children = (
				D4541BEE1EE50FDF00686A27 /* RxSwiftTests.swift */,
				D4541BF01EE50FDF00686A27 /* Info.plist */,
			);
			path = RxSwiftTests;
			sourceTree = "<group>";
		};
		D4541BFB1EE5193200686A27 /* Calculator */ = {
			isa = PBXGroup;
			children = (
				D4541BFC1EE5194700686A27 /* Calculator.storyboard */,
				D4541BFE1EE5197000686A27 /* CalculatorController.swift */,
			);
			path = Calculator;
			sourceTree = "<group>";
		};
		D4541C031EE524A100686A27 /* Utils */ = {
			isa = PBXGroup;
			children = (
				D4541C041EE524A100686A27 /* ViewController.swift */,
				D43B751C1EE53D590036F168 /* Storyboard.swift */,
			);
			path = Utils;
			sourceTree = "<group>";
		};
/* End PBXGroup section */

/* Begin PBXNativeTarget section */
		D4541BD51EE50FDE00686A27 /* RxSwift */ = {
			isa = PBXNativeTarget;
			buildConfigurationList = D4541BF31EE50FDF00686A27 /* Build configuration list for PBXNativeTarget "RxSwift" */;
			buildPhases = (
				A95388A0BD5D348DD0FE9AE7 /* [CP] Check Pods Manifest.lock */,
				D4541BD21EE50FDE00686A27 /* Sources */,
				D4541BD31EE50FDE00686A27 /* Frameworks */,
				D4541BD41EE50FDE00686A27 /* Resources */,
				B9EFAB08EAE14A95749F3A35 /* [CP] Embed Pods Frameworks */,
				B9D591104E96D8F8882BF03A /* [CP] Copy Pods Resources */,
				D43B751E1EE555760036F168 /* SwiftLint */,
			);
			buildRules = (
			);
			dependencies = (
			);
			name = RxSwift;
			productName = RxSwift;
			productReference = D4541BD61EE50FDE00686A27 /* RxSwift.app */;
			productType = "com.apple.product-type.application";
		};
		D4541BE91EE50FDF00686A27 /* RxSwiftTests */ = {
			isa = PBXNativeTarget;
			buildConfigurationList = D4541BF61EE50FDF00686A27 /* Build configuration list for PBXNativeTarget "RxSwiftTests" */;
			buildPhases = (
				B67F2D11FF0C16C33775FAF9 /* [CP] Check Pods Manifest.lock */,
				D4541BE61EE50FDF00686A27 /* Sources */,
				D4541BE71EE50FDF00686A27 /* Frameworks */,
				D4541BE81EE50FDF00686A27 /* Resources */,
				64312D9A85A3B5A701AE3D61 /* [CP] Embed Pods Frameworks */,
				017550A02F94B7F816D48909 /* [CP] Copy Pods Resources */,
			);
			buildRules = (
			);
			dependencies = (
				D4541BEC1EE50FDF00686A27 /* PBXTargetDependency */,
			);
			name = RxSwiftTests;
			productName = RxSwiftTests;
			productReference = D4541BEA1EE50FDF00686A27 /* RxSwiftTests.xctest */;
			productType = "com.apple.product-type.bundle.unit-test";
		};
/* End PBXNativeTarget section */

/* Begin PBXProject section */
		D4541BCE1EE50FDE00686A27 /* Project object */ = {
			isa = PBXProject;
			attributes = {
				LastSwiftUpdateCheck = 0830;
				LastUpgradeCheck = 0830;
				ORGANIZATIONNAME = "Asian Tech";
				TargetAttributes = {
					D4541BD51EE50FDE00686A27 = {
						CreatedOnToolsVersion = 8.3;
						ProvisioningStyle = Automatic;
					};
					D4541BE91EE50FDF00686A27 = {
						CreatedOnToolsVersion = 8.3;
						ProvisioningStyle = Automatic;
						TestTargetID = D4541BD51EE50FDE00686A27;
					};
				};
			};
			buildConfigurationList = D4541BD11EE50FDE00686A27 /* Build configuration list for PBXProject "RxSwift" */;
			compatibilityVersion = "Xcode 3.2";
			developmentRegion = English;
			hasScannedForEncodings = 0;
			knownRegions = (
				en,
				Base,
			);
			mainGroup = D4541BCD1EE50FDE00686A27;
			productRefGroup = D4541BD71EE50FDE00686A27 /* Products */;
			projectDirPath = "";
			projectRoot = "";
			targets = (
				D4541BD51EE50FDE00686A27 /* RxSwift */,
				D4541BE91EE50FDF00686A27 /* RxSwiftTests */,
			);
		};
/* End PBXProject section */

/* Begin PBXResourcesBuildPhase section */
		D4541BD41EE50FDE00686A27 /* Resources */ = {
			isa = PBXResourcesBuildPhase;
			buildActionMask = 2147483647;
			files = (
				D4541BE41EE50FDF00686A27 /* LaunchScreen.storyboard in Resources */,
				D4541BE11EE50FDF00686A27 /* Assets.xcassets in Resources */,
				D4541BFD1EE5194700686A27 /* Calculator.storyboard in Resources */,
				D4541BDF1EE50FDF00686A27 /* Main.storyboard in Resources */,
			);
			runOnlyForDeploymentPostprocessing = 0;
		};
		D4541BE81EE50FDF00686A27 /* Resources */ = {
			isa = PBXResourcesBuildPhase;
			buildActionMask = 2147483647;
			files = (
			);
			runOnlyForDeploymentPostprocessing = 0;
		};
/* End PBXResourcesBuildPhase section */

/* Begin PBXShellScriptBuildPhase section */
		017550A02F94B7F816D48909 /* [CP] Copy Pods Resources */ = {
			isa = PBXShellScriptBuildPhase;
			buildActionMask = 2147483647;
			files = (
			);
			inputPaths = (
			);
			name = "[CP] Copy Pods Resources";
			outputPaths = (
			);
			runOnlyForDeploymentPostprocessing = 0;
			shellPath = /bin/sh;
			shellScript = "\"${SRCROOT}/Pods/Target Support Files/Pods-RxSwiftTests/Pods-RxSwiftTests-resources.sh\"\n";
			showEnvVarsInLog = 0;
		};
		64312D9A85A3B5A701AE3D61 /* [CP] Embed Pods Frameworks */ = {
			isa = PBXShellScriptBuildPhase;
			buildActionMask = 2147483647;
			files = (
			);
			inputPaths = (
			);
			name = "[CP] Embed Pods Frameworks";
			outputPaths = (
			);
			runOnlyForDeploymentPostprocessing = 0;
			shellPath = /bin/sh;
			shellScript = "\"${SRCROOT}/Pods/Target Support Files/Pods-RxSwiftTests/Pods-RxSwiftTests-frameworks.sh\"\n";
			showEnvVarsInLog = 0;
		};
		A95388A0BD5D348DD0FE9AE7 /* [CP] Check Pods Manifest.lock */ = {
			isa = PBXShellScriptBuildPhase;
			buildActionMask = 2147483647;
			files = (
			);
			inputPaths = (
			);
			name = "[CP] Check Pods Manifest.lock";
			outputPaths = (
			);
			runOnlyForDeploymentPostprocessing = 0;
			shellPath = /bin/sh;
			shellScript = "diff \"${PODS_PODFILE_DIR_PATH}/Podfile.lock\" \"${PODS_ROOT}/Manifest.lock\" > /dev/null\nif [ $? != 0 ] ; then\n    # print error to STDERR\n    echo \"error: The sandbox is not in sync with the Podfile.lock. Run 'pod install' or update your CocoaPods installation.\" >&2\n    exit 1\nfi\n";
			showEnvVarsInLog = 0;
		};
		B67F2D11FF0C16C33775FAF9 /* [CP] Check Pods Manifest.lock */ = {
			isa = PBXShellScriptBuildPhase;
			buildActionMask = 2147483647;
			files = (
			);
			inputPaths = (
			);
			name = "[CP] Check Pods Manifest.lock";
			outputPaths = (
			);
			runOnlyForDeploymentPostprocessing = 0;
			shellPath = /bin/sh;
			shellScript = "diff \"${PODS_PODFILE_DIR_PATH}/Podfile.lock\" \"${PODS_ROOT}/Manifest.lock\" > /dev/null\nif [ $? != 0 ] ; then\n    # print error to STDERR\n    echo \"error: The sandbox is not in sync with the Podfile.lock. Run 'pod install' or update your CocoaPods installation.\" >&2\n    exit 1\nfi\n";
			showEnvVarsInLog = 0;
		};
		B9D591104E96D8F8882BF03A /* [CP] Copy Pods Resources */ = {
			isa = PBXShellScriptBuildPhase;
			buildActionMask = 2147483647;
			files = (
			);
			inputPaths = (
			);
			name = "[CP] Copy Pods Resources";
			outputPaths = (
			);
			runOnlyForDeploymentPostprocessing = 0;
			shellPath = /bin/sh;
			shellScript = "\"${SRCROOT}/Pods/Target Support Files/Pods-RxSwift/Pods-RxSwift-resources.sh\"\n";
			showEnvVarsInLog = 0;
		};
		B9EFAB08EAE14A95749F3A35 /* [CP] Embed Pods Frameworks */ = {
			isa = PBXShellScriptBuildPhase;
			buildActionMask = 2147483647;
			files = (
			);
			inputPaths = (
			);
			name = "[CP] Embed Pods Frameworks";
			outputPaths = (
			);
			runOnlyForDeploymentPostprocessing = 0;
			shellPath = /bin/sh;
			shellScript = "\"${SRCROOT}/Pods/Target Support Files/Pods-RxSwift/Pods-RxSwift-frameworks.sh\"\n";
			showEnvVarsInLog = 0;
		};
		D43B751E1EE555760036F168 /* SwiftLint */ = {
			isa = PBXShellScriptBuildPhase;
			buildActionMask = 8;
			files = (
			);
			inputPaths = (
			);
			name = SwiftLint;
			outputPaths = (
			);
			runOnlyForDeploymentPostprocessing = 1;
			shellPath = /bin/sh;
			shellScript = "if [[ \"$CI\" == 'true' ]]; then\nexit 0\nfi\n\nif [[ -s \"${PODS_ROOT}/SwiftLint/swiftlint\" ]]; then\necho 'Linting...'\n\"${PODS_ROOT}/SwiftLint/swiftlint\"\nelse\necho 'error: SwiftLint not installed, please read README first.'\nexit 1\nfi";
		};
/* End PBXShellScriptBuildPhase section */

/* Begin PBXSourcesBuildPhase section */
		D4541BD21EE50FDE00686A27 /* Sources */ = {
			isa = PBXSourcesBuildPhase;
			buildActionMask = 2147483647;
			files = (
				D4541BFA1EE5151F00686A27 /* ExamplesController.swift in Sources */,
				D43B751D1EE53D590036F168 /* Storyboard.swift in Sources */,
				D4541BFF1EE5197000686A27 /* CalculatorController.swift in Sources */,
				D4541C051EE524A100686A27 /* ViewController.swift in Sources */,
				D4541BDA1EE50FDF00686A27 /* AppDelegate.swift in Sources */,
			);
			runOnlyForDeploymentPostprocessing = 0;
		};
		D4541BE61EE50FDF00686A27 /* Sources */ = {
			isa = PBXSourcesBuildPhase;
			buildActionMask = 2147483647;
			files = (
				D4541BEF1EE50FDF00686A27 /* RxSwiftTests.swift in Sources */,
			);
			runOnlyForDeploymentPostprocessing = 0;
		};
/* End PBXSourcesBuildPhase section */

/* Begin PBXTargetDependency section */
		D4541BEC1EE50FDF00686A27 /* PBXTargetDependency */ = {
			isa = PBXTargetDependency;
			target = D4541BD51EE50FDE00686A27 /* RxSwift */;
			targetProxy = D4541BEB1EE50FDF00686A27 /* PBXContainerItemProxy */;
		};
/* End PBXTargetDependency section */

/* Begin PBXVariantGroup section */
		D4541BDD1EE50FDF00686A27 /* Main.storyboard */ = {
			isa = PBXVariantGroup;
			children = (
				D4541BDE1EE50FDF00686A27 /* Base */,
			);
			name = Main.storyboard;
			sourceTree = "<group>";
		};
		D4541BE21EE50FDF00686A27 /* LaunchScreen.storyboard */ = {
			isa = PBXVariantGroup;
			children = (
				D4541BE31EE50FDF00686A27 /* Base */,
			);
			name = LaunchScreen.storyboard;
			sourceTree = "<group>";
		};
/* End PBXVariantGroup section */

/* Begin XCBuildConfiguration section */
		D4541BF11EE50FDF00686A27 /* Debug */ = {
			isa = XCBuildConfiguration;
			buildSettings = {
				ALWAYS_SEARCH_USER_PATHS = NO;
				CLANG_ANALYZER_NONNULL = YES;
				CLANG_ANALYZER_NUMBER_OBJECT_CONVERSION = YES_AGGRESSIVE;
				CLANG_CXX_LANGUAGE_STANDARD = "gnu++0x";
				CLANG_CXX_LIBRARY = "libc++";
				CLANG_ENABLE_MODULES = YES;
				CLANG_ENABLE_OBJC_ARC = YES;
				CLANG_WARN_BOOL_CONVERSION = YES;
				CLANG_WARN_CONSTANT_CONVERSION = YES;
				CLANG_WARN_DIRECT_OBJC_ISA_USAGE = YES_ERROR;
				CLANG_WARN_DOCUMENTATION_COMMENTS = YES;
				CLANG_WARN_EMPTY_BODY = YES;
				CLANG_WARN_ENUM_CONVERSION = YES;
				CLANG_WARN_INFINITE_RECURSION = YES;
				CLANG_WARN_INT_CONVERSION = YES;
				CLANG_WARN_OBJC_ROOT_CLASS = YES_ERROR;
				CLANG_WARN_SUSPICIOUS_MOVE = YES;
				CLANG_WARN_UNREACHABLE_CODE = YES;
				CLANG_WARN__DUPLICATE_METHOD_MATCH = YES;
				"CODE_SIGN_IDENTITY[sdk=iphoneos*]" = "iPhone Developer";
				COPY_PHASE_STRIP = NO;
				DEBUG_INFORMATION_FORMAT = dwarf;
				ENABLE_STRICT_OBJC_MSGSEND = YES;
				ENABLE_TESTABILITY = YES;
				GCC_C_LANGUAGE_STANDARD = gnu99;
				GCC_DYNAMIC_NO_PIC = NO;
				GCC_NO_COMMON_BLOCKS = YES;
				GCC_OPTIMIZATION_LEVEL = 0;
				GCC_PREPROCESSOR_DEFINITIONS = (
					"DEBUG=1",
					"$(inherited)",
				);
				GCC_WARN_64_TO_32_BIT_CONVERSION = YES;
				GCC_WARN_ABOUT_RETURN_TYPE = YES_ERROR;
				GCC_WARN_UNDECLARED_SELECTOR = YES;
				GCC_WARN_UNINITIALIZED_AUTOS = YES_AGGRESSIVE;
				GCC_WARN_UNUSED_FUNCTION = YES;
				GCC_WARN_UNUSED_VARIABLE = YES;
				IPHONEOS_DEPLOYMENT_TARGET = 10.3;
				MTL_ENABLE_DEBUG_INFO = YES;
				ONLY_ACTIVE_ARCH = YES;
				SDKROOT = iphoneos;
				SWIFT_ACTIVE_COMPILATION_CONDITIONS = DEBUG;
				SWIFT_OPTIMIZATION_LEVEL = "-Onone";
				TARGETED_DEVICE_FAMILY = "1,2";
			};
			name = Debug;
		};
		D4541BF21EE50FDF00686A27 /* Release */ = {
			isa = XCBuildConfiguration;
			buildSettings = {
				ALWAYS_SEARCH_USER_PATHS = NO;
				CLANG_ANALYZER_NONNULL = YES;
				CLANG_ANALYZER_NUMBER_OBJECT_CONVERSION = YES_AGGRESSIVE;
				CLANG_CXX_LANGUAGE_STANDARD = "gnu++0x";
				CLANG_CXX_LIBRARY = "libc++";
				CLANG_ENABLE_MODULES = YES;
				CLANG_ENABLE_OBJC_ARC = YES;
				CLANG_WARN_BOOL_CONVERSION = YES;
				CLANG_WARN_CONSTANT_CONVERSION = YES;
				CLANG_WARN_DIRECT_OBJC_ISA_USAGE = YES_ERROR;
				CLANG_WARN_DOCUMENTATION_COMMENTS = YES;
				CLANG_WARN_EMPTY_BODY = YES;
				CLANG_WARN_ENUM_CONVERSION = YES;
				CLANG_WARN_INFINITE_RECURSION = YES;
				CLANG_WARN_INT_CONVERSION = YES;
				CLANG_WARN_OBJC_ROOT_CLASS = YES_ERROR;
				CLANG_WARN_SUSPICIOUS_MOVE = YES;
				CLANG_WARN_UNREACHABLE_CODE = YES;
				CLANG_WARN__DUPLICATE_METHOD_MATCH = YES;
				"CODE_SIGN_IDENTITY[sdk=iphoneos*]" = "iPhone Developer";
				COPY_PHASE_STRIP = NO;
				DEBUG_INFORMATION_FORMAT = "dwarf-with-dsym";
				ENABLE_NS_ASSERTIONS = NO;
				ENABLE_STRICT_OBJC_MSGSEND = YES;
				GCC_C_LANGUAGE_STANDARD = gnu99;
				GCC_NO_COMMON_BLOCKS = YES;
				GCC_WARN_64_TO_32_BIT_CONVERSION = YES;
				GCC_WARN_ABOUT_RETURN_TYPE = YES_ERROR;
				GCC_WARN_UNDECLARED_SELECTOR = YES;
				GCC_WARN_UNINITIALIZED_AUTOS = YES_AGGRESSIVE;
				GCC_WARN_UNUSED_FUNCTION = YES;
				GCC_WARN_UNUSED_VARIABLE = YES;
				IPHONEOS_DEPLOYMENT_TARGET = 10.3;
				MTL_ENABLE_DEBUG_INFO = NO;
				SDKROOT = iphoneos;
				SWIFT_OPTIMIZATION_LEVEL = "-Owholemodule";
				TARGETED_DEVICE_FAMILY = "1,2";
				VALIDATE_PRODUCT = YES;
			};
			name = Release;
		};
		D4541BF41EE50FDF00686A27 /* Debug */ = {
			isa = XCBuildConfiguration;
			baseConfigurationReference = 13E6B2F8EAACAE25FC50B78C /* Pods-RxSwift.debug.xcconfig */;
			buildSettings = {
				ASSETCATALOG_COMPILER_APPICON_NAME = AppIcon;
				INFOPLIST_FILE = RxSwift/Info.plist;
				LD_RUNPATH_SEARCH_PATHS = "$(inherited) @executable_path/Frameworks";
				PRODUCT_BUNDLE_IDENTIFIER = vn.asiantech.dev.rxswift.RxSwift;
				PRODUCT_NAME = "$(TARGET_NAME)";
				SWIFT_VERSION = 3.0;
			};
			name = Debug;
		};
		D4541BF51EE50FDF00686A27 /* Release */ = {
			isa = XCBuildConfiguration;
			baseConfigurationReference = 724AECA49D28754EB9FAC564 /* Pods-RxSwift.release.xcconfig */;
			buildSettings = {
				ASSETCATALOG_COMPILER_APPICON_NAME = AppIcon;
				INFOPLIST_FILE = RxSwift/Info.plist;
				LD_RUNPATH_SEARCH_PATHS = "$(inherited) @executable_path/Frameworks";
				PRODUCT_BUNDLE_IDENTIFIER = vn.asiantech.dev.rxswift.RxSwift;
				PRODUCT_NAME = "$(TARGET_NAME)";
				SWIFT_VERSION = 3.0;
			};
			name = Release;
		};
		D4541BF71EE50FDF00686A27 /* Debug */ = {
			isa = XCBuildConfiguration;
			baseConfigurationReference = 0B47011D9B4D4FFF38ECF462 /* Pods-RxSwiftTests.debug.xcconfig */;
			buildSettings = {
				ALWAYS_EMBED_SWIFT_STANDARD_LIBRARIES = YES;
				BUNDLE_LOADER = "$(TEST_HOST)";
				INFOPLIST_FILE = RxSwiftTests/Info.plist;
				LD_RUNPATH_SEARCH_PATHS = "$(inherited) @executable_path/Frameworks @loader_path/Frameworks";
				PRODUCT_BUNDLE_IDENTIFIER = vn.asiantech.dev.rxswift.RxSwiftTests;
				PRODUCT_NAME = "$(TARGET_NAME)";
				SWIFT_VERSION = 3.0;
				TEST_HOST = "$(BUILT_PRODUCTS_DIR)/RxSwift.app/RxSwift";
			};
			name = Debug;
		};
		D4541BF81EE50FDF00686A27 /* Release */ = {
			isa = XCBuildConfiguration;
			baseConfigurationReference = FF701F437BE2FF956764F346 /* Pods-RxSwiftTests.release.xcconfig */;
			buildSettings = {
				ALWAYS_EMBED_SWIFT_STANDARD_LIBRARIES = YES;
				BUNDLE_LOADER = "$(TEST_HOST)";
				INFOPLIST_FILE = RxSwiftTests/Info.plist;
				LD_RUNPATH_SEARCH_PATHS = "$(inherited) @executable_path/Frameworks @loader_path/Frameworks";
				PRODUCT_BUNDLE_IDENTIFIER = vn.asiantech.dev.rxswift.RxSwiftTests;
				PRODUCT_NAME = "$(TARGET_NAME)";
				SWIFT_VERSION = 3.0;
				TEST_HOST = "$(BUILT_PRODUCTS_DIR)/RxSwift.app/RxSwift";
			};
			name = Release;
		};
/* End XCBuildConfiguration section */

/* Begin XCConfigurationList section */
		D4541BD11EE50FDE00686A27 /* Build configuration list for PBXProject "RxSwift" */ = {
			isa = XCConfigurationList;
			buildConfigurations = (
				D4541BF11EE50FDF00686A27 /* Debug */,
				D4541BF21EE50FDF00686A27 /* Release */,
			);
			defaultConfigurationIsVisible = 0;
			defaultConfigurationName = Release;
		};
		D4541BF31EE50FDF00686A27 /* Build configuration list for PBXNativeTarget "RxSwift" */ = {
			isa = XCConfigurationList;
			buildConfigurations = (
				D4541BF41EE50FDF00686A27 /* Debug */,
				D4541BF51EE50FDF00686A27 /* Release */,
			);
			defaultConfigurationIsVisible = 0;
			defaultConfigurationName = Release;
		};
		D4541BF61EE50FDF00686A27 /* Build configuration list for PBXNativeTarget "RxSwiftTests" */ = {
			isa = XCConfigurationList;
			buildConfigurations = (
				D4541BF71EE50FDF00686A27 /* Debug */,
				D4541BF81EE50FDF00686A27 /* Release */,
			);
			defaultConfigurationIsVisible = 0;
			defaultConfigurationName = Release;
		};
/* End XCConfigurationList section */
	};
	rootObject = D4541BCE1EE50FDE00686A27 /* Project object */;
}
