// !$*UTF8*$!
{
	archiveVersion = 1;
	classes = {
	};
	objectVersion = 46;
	objects = {

/* Begin PBXBuildFile section */
		57E5C1CF30F6F6B0507E4CFF /* Pods_RxSwift_DemoTests.framework in Frameworks */ = {isa = PBXBuildFile; fileRef = 9A7ACE082C1E28806E63EEB1 /* Pods_RxSwift_DemoTests.framework */; };
		9AD1A7530271DF09BE20A748 /* Pods_RxSwift_Demo.framework in Frameworks */ = {isa = PBXBuildFile; fileRef = 3A11AEE290E978354AA845CF /* Pods_RxSwift_Demo.framework */; };
		D4148B801EEE3A1B00BD6C3F /* AppDelegate.swift in Sources */ = {isa = PBXBuildFile; fileRef = D4148B7D1EEE3A1B00BD6C3F /* AppDelegate.swift */; };
		D4148B811EEE3A1B00BD6C3F /* BaseViewController.swift in Sources */ = {isa = PBXBuildFile; fileRef = D4148B7E1EEE3A1B00BD6C3F /* BaseViewController.swift */; };
		D4148B821EEE3A1B00BD6C3F /* ExamplesController.swift in Sources */ = {isa = PBXBuildFile; fileRef = D4148B7F1EEE3A1B00BD6C3F /* ExamplesController.swift */; };
		D4148B851EEE3AF100BD6C3F /* LaunchScreen.storyboard in Resources */ = {isa = PBXBuildFile; fileRef = D4148B831EEE3AF100BD6C3F /* LaunchScreen.storyboard */; };
		D4148B861EEE3AF100BD6C3F /* Main.storyboard in Resources */ = {isa = PBXBuildFile; fileRef = D4148B841EEE3AF100BD6C3F /* Main.storyboard */; };
		D4148B991EEE3B8200BD6C3F /* Calculator.storyboard in Resources */ = {isa = PBXBuildFile; fileRef = D4148B891EEE3B8200BD6C3F /* Calculator.storyboard */; };
		D4148B9A1EEE3B8200BD6C3F /* CalculatorController.swift in Sources */ = {isa = PBXBuildFile; fileRef = D4148B8A1EEE3B8200BD6C3F /* CalculatorController.swift */; };
		D4148B9B1EEE3B8200BD6C3F /* Login.storyboard in Resources */ = {isa = PBXBuildFile; fileRef = D4148B8C1EEE3B8200BD6C3F /* Login.storyboard */; };
		D4148B9C1EEE3B8200BD6C3F /* LoginViewController.swift in Sources */ = {isa = PBXBuildFile; fileRef = D4148B8D1EEE3B8200BD6C3F /* LoginViewController.swift */; };
		D4148B9D1EEE3B8200BD6C3F /* LoginViewModel.swift in Sources */ = {isa = PBXBuildFile; fileRef = D4148B8E1EEE3B8200BD6C3F /* LoginViewModel.swift */; };
		D4148B9E1EEE3B8200BD6C3F /* Car.swift in Sources */ = {isa = PBXBuildFile; fileRef = D4148B901EEE3B8200BD6C3F /* Car.swift */; };
		D4148B9F1EEE3B8200BD6C3F /* CarController.swift in Sources */ = {isa = PBXBuildFile; fileRef = D4148B911EEE3B8200BD6C3F /* CarController.swift */; };
		D4148BA01EEE3B8200BD6C3F /* CarListViewModel.swift in Sources */ = {isa = PBXBuildFile; fileRef = D4148B921EEE3B8200BD6C3F /* CarListViewModel.swift */; };
		D4148BA11EEE3B8200BD6C3F /* CarTableViewCell.swift in Sources */ = {isa = PBXBuildFile; fileRef = D4148B931EEE3B8200BD6C3F /* CarTableViewCell.swift */; };
		D4148BA21EEE3B8200BD6C3F /* CarViewModel.swift in Sources */ = {isa = PBXBuildFile; fileRef = D4148B941EEE3B8200BD6C3F /* CarViewModel.swift */; };
		D4148BA31EEE3B8200BD6C3F /* ListCar.storyboard in Resources */ = {isa = PBXBuildFile; fileRef = D4148B951EEE3B8200BD6C3F /* ListCar.storyboard */; };
		D4148BA41EEE3B8200BD6C3F /* Search.storyboard in Resources */ = {isa = PBXBuildFile; fileRef = D4148B971EEE3B8200BD6C3F /* Search.storyboard */; };
		D4148BA51EEE3B8200BD6C3F /* SearchController.swift in Sources */ = {isa = PBXBuildFile; fileRef = D4148B981EEE3B8200BD6C3F /* SearchController.swift */; };
		D4F636191EE6B43400DFF4F4 /* Assets.xcassets in Resources */ = {isa = PBXBuildFile; fileRef = D4F636181EE6B43400DFF4F4 /* Assets.xcassets */; };
		D4F6363B1EE6B50300DFF4F4 /* Storyboard.swift in Sources */ = {isa = PBXBuildFile; fileRef = D4F636361EE6B50300DFF4F4 /* Storyboard.swift */; };
		D4F6363C1EE6B50300DFF4F4 /* ViewController.swift in Sources */ = {isa = PBXBuildFile; fileRef = D4F636371EE6B50300DFF4F4 /* ViewController.swift */; };
		D4F6363F1EE6C11D00DFF4F4 /* CalculatorTests.swift in Sources */ = {isa = PBXBuildFile; fileRef = D4F6363E1EE6C11D00DFF4F4 /* CalculatorTests.swift */; };
/* End PBXBuildFile section */

/* Begin PBXContainerItemProxy section */
		D4F636231EE6B43500DFF4F4 /* PBXContainerItemProxy */ = {
			isa = PBXContainerItemProxy;
			containerPortal = D4F636061EE6B43400DFF4F4 /* Project object */;
			proxyType = 1;
			remoteGlobalIDString = D4F6360D1EE6B43400DFF4F4;
			remoteInfo = "RxSwift-Demo";
		};
/* End PBXContainerItemProxy section */

/* Begin PBXFileReference section */
		3A11AEE290E978354AA845CF /* Pods_RxSwift_Demo.framework */ = {isa = PBXFileReference; explicitFileType = wrapper.framework; includeInIndex = 0; path = Pods_RxSwift_Demo.framework; sourceTree = BUILT_PRODUCTS_DIR; };
		4A3D3ED536CD01F6EF5AE36F /* Pods-RxSwift-Demo.release.xcconfig */ = {isa = PBXFileReference; includeInIndex = 1; lastKnownFileType = text.xcconfig; name = "Pods-RxSwift-Demo.release.xcconfig"; path = "Pods/Target Support Files/Pods-RxSwift-Demo/Pods-RxSwift-Demo.release.xcconfig"; sourceTree = "<group>"; };
		4E69B518EA2286C4B8D70B8B /* Pods-RxSwift-Demo.debug.xcconfig */ = {isa = PBXFileReference; includeInIndex = 1; lastKnownFileType = text.xcconfig; name = "Pods-RxSwift-Demo.debug.xcconfig"; path = "Pods/Target Support Files/Pods-RxSwift-Demo/Pods-RxSwift-Demo.debug.xcconfig"; sourceTree = "<group>"; };
		9A7ACE082C1E28806E63EEB1 /* Pods_RxSwift_DemoTests.framework */ = {isa = PBXFileReference; explicitFileType = wrapper.framework; includeInIndex = 0; path = Pods_RxSwift_DemoTests.framework; sourceTree = BUILT_PRODUCTS_DIR; };
		D2753F5CA3C6494A42002141 /* Pods-RxSwift-DemoTests.release.xcconfig */ = {isa = PBXFileReference; includeInIndex = 1; lastKnownFileType = text.xcconfig; name = "Pods-RxSwift-DemoTests.release.xcconfig"; path = "Pods/Target Support Files/Pods-RxSwift-DemoTests/Pods-RxSwift-DemoTests.release.xcconfig"; sourceTree = "<group>"; };
		D4148B7D1EEE3A1B00BD6C3F /* AppDelegate.swift */ = {isa = PBXFileReference; fileEncoding = 4; lastKnownFileType = sourcecode.swift; path = AppDelegate.swift; sourceTree = "<group>"; };
		D4148B7E1EEE3A1B00BD6C3F /* BaseViewController.swift */ = {isa = PBXFileReference; fileEncoding = 4; lastKnownFileType = sourcecode.swift; path = BaseViewController.swift; sourceTree = "<group>"; };
		D4148B7F1EEE3A1B00BD6C3F /* ExamplesController.swift */ = {isa = PBXFileReference; fileEncoding = 4; lastKnownFileType = sourcecode.swift; path = ExamplesController.swift; sourceTree = "<group>"; };
		D4148B831EEE3AF100BD6C3F /* LaunchScreen.storyboard */ = {isa = PBXFileReference; fileEncoding = 4; lastKnownFileType = file.storyboard; path = LaunchScreen.storyboard; sourceTree = "<group>"; };
		D4148B841EEE3AF100BD6C3F /* Main.storyboard */ = {isa = PBXFileReference; fileEncoding = 4; lastKnownFileType = file.storyboard; path = Main.storyboard; sourceTree = "<group>"; };
		D4148B891EEE3B8200BD6C3F /* Calculator.storyboard */ = {isa = PBXFileReference; fileEncoding = 4; lastKnownFileType = file.storyboard; path = Calculator.storyboard; sourceTree = "<group>"; };
		D4148B8A1EEE3B8200BD6C3F /* CalculatorController.swift */ = {isa = PBXFileReference; fileEncoding = 4; lastKnownFileType = sourcecode.swift; path = CalculatorController.swift; sourceTree = "<group>"; };
		D4148B8C1EEE3B8200BD6C3F /* Login.storyboard */ = {isa = PBXFileReference; fileEncoding = 4; lastKnownFileType = file.storyboard; path = Login.storyboard; sourceTree = "<group>"; };
		D4148B8D1EEE3B8200BD6C3F /* LoginViewController.swift */ = {isa = PBXFileReference; fileEncoding = 4; lastKnownFileType = sourcecode.swift; path = LoginViewController.swift; sourceTree = "<group>"; };
		D4148B8E1EEE3B8200BD6C3F /* LoginViewModel.swift */ = {isa = PBXFileReference; fileEncoding = 4; lastKnownFileType = sourcecode.swift; path = LoginViewModel.swift; sourceTree = "<group>"; };
		D4148B901EEE3B8200BD6C3F /* Car.swift */ = {isa = PBXFileReference; fileEncoding = 4; lastKnownFileType = sourcecode.swift; path = Car.swift; sourceTree = "<group>"; };
		D4148B911EEE3B8200BD6C3F /* CarController.swift */ = {isa = PBXFileReference; fileEncoding = 4; lastKnownFileType = sourcecode.swift; path = CarController.swift; sourceTree = "<group>"; };
		D4148B921EEE3B8200BD6C3F /* CarListViewModel.swift */ = {isa = PBXFileReference; fileEncoding = 4; lastKnownFileType = sourcecode.swift; path = CarListViewModel.swift; sourceTree = "<group>"; };
		D4148B931EEE3B8200BD6C3F /* CarTableViewCell.swift */ = {isa = PBXFileReference; fileEncoding = 4; lastKnownFileType = sourcecode.swift; path = CarTableViewCell.swift; sourceTree = "<group>"; };
		D4148B941EEE3B8200BD6C3F /* CarViewModel.swift */ = {isa = PBXFileReference; fileEncoding = 4; lastKnownFileType = sourcecode.swift; path = CarViewModel.swift; sourceTree = "<group>"; };
		D4148B951EEE3B8200BD6C3F /* ListCar.storyboard */ = {isa = PBXFileReference; fileEncoding = 4; lastKnownFileType = file.storyboard; path = ListCar.storyboard; sourceTree = "<group>"; };
		D4148B971EEE3B8200BD6C3F /* Search.storyboard */ = {isa = PBXFileReference; fileEncoding = 4; lastKnownFileType = file.storyboard; path = Search.storyboard; sourceTree = "<group>"; };
		D4148B981EEE3B8200BD6C3F /* SearchController.swift */ = {isa = PBXFileReference; fileEncoding = 4; lastKnownFileType = sourcecode.swift; path = SearchController.swift; sourceTree = "<group>"; };
		D449C1F92858282EE5E68961 /* Pods-RxSwift-DemoTests.debug.xcconfig */ = {isa = PBXFileReference; includeInIndex = 1; lastKnownFileType = text.xcconfig; name = "Pods-RxSwift-DemoTests.debug.xcconfig"; path = "Pods/Target Support Files/Pods-RxSwift-DemoTests/Pods-RxSwift-DemoTests.debug.xcconfig"; sourceTree = "<group>"; };
		D4F6360E1EE6B43400DFF4F4 /* RxSwift-Demo.app */ = {isa = PBXFileReference; explicitFileType = wrapper.application; includeInIndex = 0; path = "RxSwift-Demo.app"; sourceTree = BUILT_PRODUCTS_DIR; };
		D4F636181EE6B43400DFF4F4 /* Assets.xcassets */ = {isa = PBXFileReference; lastKnownFileType = folder.assetcatalog; path = Assets.xcassets; sourceTree = "<group>"; };
		D4F6361D1EE6B43400DFF4F4 /* Info.plist */ = {isa = PBXFileReference; lastKnownFileType = text.plist.xml; path = Info.plist; sourceTree = "<group>"; };
		D4F636221EE6B43500DFF4F4 /* RxSwift-DemoTests.xctest */ = {isa = PBXFileReference; explicitFileType = wrapper.cfbundle; includeInIndex = 0; path = "RxSwift-DemoTests.xctest"; sourceTree = BUILT_PRODUCTS_DIR; };
		D4F636281EE6B43500DFF4F4 /* Info.plist */ = {isa = PBXFileReference; lastKnownFileType = text.plist.xml; path = Info.plist; sourceTree = "<group>"; };
		D4F636361EE6B50300DFF4F4 /* Storyboard.swift */ = {isa = PBXFileReference; fileEncoding = 4; lastKnownFileType = sourcecode.swift; path = Storyboard.swift; sourceTree = "<group>"; };
		D4F636371EE6B50300DFF4F4 /* ViewController.swift */ = {isa = PBXFileReference; fileEncoding = 4; lastKnownFileType = sourcecode.swift; path = ViewController.swift; sourceTree = "<group>"; };
		D4F6363E1EE6C11D00DFF4F4 /* CalculatorTests.swift */ = {isa = PBXFileReference; fileEncoding = 4; lastKnownFileType = sourcecode.swift; path = CalculatorTests.swift; sourceTree = "<group>"; };
/* End PBXFileReference section */

/* Begin PBXFrameworksBuildPhase section */
		D4F6360B1EE6B43400DFF4F4 /* Frameworks */ = {
			isa = PBXFrameworksBuildPhase;
			buildActionMask = 2147483647;
			files = (
				9AD1A7530271DF09BE20A748 /* Pods_RxSwift_Demo.framework in Frameworks */,
			);
			runOnlyForDeploymentPostprocessing = 0;
		};
		D4F6361F1EE6B43500DFF4F4 /* Frameworks */ = {
			isa = PBXFrameworksBuildPhase;
			buildActionMask = 2147483647;
			files = (
				57E5C1CF30F6F6B0507E4CFF /* Pods_RxSwift_DemoTests.framework in Frameworks */,
			);
			runOnlyForDeploymentPostprocessing = 0;
		};
/* End PBXFrameworksBuildPhase section */

/* Begin PBXGroup section */
		01EDD603F8435EC655205CD2 /* Frameworks */ = {
			isa = PBXGroup;
			children = (
				3A11AEE290E978354AA845CF /* Pods_RxSwift_Demo.framework */,
				9A7ACE082C1E28806E63EEB1 /* Pods_RxSwift_DemoTests.framework */,
			);
			name = Frameworks;
			sourceTree = "<group>";
		};
		61C9242C48238C2B8DF8244A /* Pods */ = {
			isa = PBXGroup;
			children = (
				4E69B518EA2286C4B8D70B8B /* Pods-RxSwift-Demo.debug.xcconfig */,
				4A3D3ED536CD01F6EF5AE36F /* Pods-RxSwift-Demo.release.xcconfig */,
				D449C1F92858282EE5E68961 /* Pods-RxSwift-DemoTests.debug.xcconfig */,
				D2753F5CA3C6494A42002141 /* Pods-RxSwift-DemoTests.release.xcconfig */,
			);
			name = Pods;
			sourceTree = "<group>";
		};
		D4148B7C1EEE3A1B00BD6C3F /* Base */ = {
			isa = PBXGroup;
			children = (
				D4148B831EEE3AF100BD6C3F /* LaunchScreen.storyboard */,
				D4148B841EEE3AF100BD6C3F /* Main.storyboard */,
				D4148B7D1EEE3A1B00BD6C3F /* AppDelegate.swift */,
				D4148B7E1EEE3A1B00BD6C3F /* BaseViewController.swift */,
				D4148B7F1EEE3A1B00BD6C3F /* ExamplesController.swift */,
			);
			path = Base;
			sourceTree = "<group>";
		};
		D4148B871EEE3B8200BD6C3F /* Examples */ = {
			isa = PBXGroup;
			children = (
				D4148B881EEE3B8200BD6C3F /* Calculator */,
				D4148B8B1EEE3B8200BD6C3F /* Login */,
				D4148B8F1EEE3B8200BD6C3F /* MVVM */,
				D4148B961EEE3B8200BD6C3F /* Search */,
			);
			path = Examples;
			sourceTree = "<group>";
		};
		D4148B881EEE3B8200BD6C3F /* Calculator */ = {
			isa = PBXGroup;
			children = (
				D4148B891EEE3B8200BD6C3F /* Calculator.storyboard */,
				D4148B8A1EEE3B8200BD6C3F /* CalculatorController.swift */,
			);
			path = Calculator;
			sourceTree = "<group>";
		};
		D4148B8B1EEE3B8200BD6C3F /* Login */ = {
			isa = PBXGroup;
			children = (
				D4148B8C1EEE3B8200BD6C3F /* Login.storyboard */,
				D4148B8D1EEE3B8200BD6C3F /* LoginViewController.swift */,
				D4148B8E1EEE3B8200BD6C3F /* LoginViewModel.swift */,
			);
			path = Login;
			sourceTree = "<group>";
		};
		D4148B8F1EEE3B8200BD6C3F /* MVVM */ = {
			isa = PBXGroup;
			children = (
				D4148B901EEE3B8200BD6C3F /* Car.swift */,
				D4148B911EEE3B8200BD6C3F /* CarController.swift */,
				D4148B921EEE3B8200BD6C3F /* CarListViewModel.swift */,
				D4148B931EEE3B8200BD6C3F /* CarTableViewCell.swift */,
				D4148B941EEE3B8200BD6C3F /* CarViewModel.swift */,
				D4148B951EEE3B8200BD6C3F /* ListCar.storyboard */,
			);
			path = MVVM;
			sourceTree = "<group>";
		};
		D4148B961EEE3B8200BD6C3F /* Search */ = {
			isa = PBXGroup;
			children = (
				D4148B971EEE3B8200BD6C3F /* Search.storyboard */,
				D4148B981EEE3B8200BD6C3F /* SearchController.swift */,
			);
			path = Search;
			sourceTree = "<group>";
		};
		D4F636051EE6B43400DFF4F4 = {
			isa = PBXGroup;
			children = (
				D4F636101EE6B43400DFF4F4 /* RxSwift-Demo */,
				D4F636251EE6B43500DFF4F4 /* RxSwift-DemoTests */,
				D4F6360F1EE6B43400DFF4F4 /* Products */,
				61C9242C48238C2B8DF8244A /* Pods */,
				01EDD603F8435EC655205CD2 /* Frameworks */,
			);
			sourceTree = "<group>";
		};
		D4F6360F1EE6B43400DFF4F4 /* Products */ = {
			isa = PBXGroup;
			children = (
				D4F6360E1EE6B43400DFF4F4 /* RxSwift-Demo.app */,
				D4F636221EE6B43500DFF4F4 /* RxSwift-DemoTests.xctest */,
			);
			name = Products;
			sourceTree = "<group>";
		};
		D4F636101EE6B43400DFF4F4 /* RxSwift-Demo */ = {
			isa = PBXGroup;
			children = (
				D4148B871EEE3B8200BD6C3F /* Examples */,
				D4148B7C1EEE3A1B00BD6C3F /* Base */,
				D4F636351EE6B50300DFF4F4 /* Utils */,
				D4F636181EE6B43400DFF4F4 /* Assets.xcassets */,
				D4F6361D1EE6B43400DFF4F4 /* Info.plist */,
			);
			path = "RxSwift-Demo";
			sourceTree = "<group>";
		};
		D4F636251EE6B43500DFF4F4 /* RxSwift-DemoTests */ = {
			isa = PBXGroup;
			children = (
				D4F6363E1EE6C11D00DFF4F4 /* CalculatorTests.swift */,
				D4F636281EE6B43500DFF4F4 /* Info.plist */,
			);
			path = "RxSwift-DemoTests";
			sourceTree = "<group>";
		};
		D4F636351EE6B50300DFF4F4 /* Utils */ = {
			isa = PBXGroup;
			children = (
				D4F636361EE6B50300DFF4F4 /* Storyboard.swift */,
				D4F636371EE6B50300DFF4F4 /* ViewController.swift */,
			);
			path = Utils;
			sourceTree = "<group>";
		};
/* End PBXGroup section */

/* Begin PBXNativeTarget section */
		D4F6360D1EE6B43400DFF4F4 /* RxSwift-Demo */ = {
			isa = PBXNativeTarget;
			buildConfigurationList = D4F6362B1EE6B43500DFF4F4 /* Build configuration list for PBXNativeTarget "RxSwift-Demo" */;
			buildPhases = (
				229D4CCDC636B3B76151D359 /* [CP] Check Pods Manifest.lock */,
				D4F6360A1EE6B43400DFF4F4 /* Sources */,
				D4F6360B1EE6B43400DFF4F4 /* Frameworks */,
				D4F6360C1EE6B43400DFF4F4 /* Resources */,
				D4F6363D1EE6B70200DFF4F4 /* SwiftLint */,
				AFBC6909D022CF13FA1F3662 /* [CP] Embed Pods Frameworks */,
				1F7F20CCF3B6CA478351764F /* [CP] Copy Pods Resources */,
			);
			buildRules = (
			);
			dependencies = (
			);
			name = "RxSwift-Demo";
			productName = "RxSwift-Demo";
			productReference = D4F6360E1EE6B43400DFF4F4 /* RxSwift-Demo.app */;
			productType = "com.apple.product-type.application";
		};
		D4F636211EE6B43500DFF4F4 /* RxSwift-DemoTests */ = {
			isa = PBXNativeTarget;
			buildConfigurationList = D4F6362E1EE6B43500DFF4F4 /* Build configuration list for PBXNativeTarget "RxSwift-DemoTests" */;
			buildPhases = (
				F4A712E33A3B4527062DD710 /* [CP] Check Pods Manifest.lock */,
				D4F6361E1EE6B43500DFF4F4 /* Sources */,
				D4F6361F1EE6B43500DFF4F4 /* Frameworks */,
				D4F636201EE6B43500DFF4F4 /* Resources */,
				8AD14A33843414767BA7CAB9 /* [CP] Embed Pods Frameworks */,
				08AD83DF9FB138019EF73CB7 /* [CP] Copy Pods Resources */,
			);
			buildRules = (
			);
			dependencies = (
				D4F636241EE6B43500DFF4F4 /* PBXTargetDependency */,
			);
			name = "RxSwift-DemoTests";
			productName = "RxSwift-DemoTests";
			productReference = D4F636221EE6B43500DFF4F4 /* RxSwift-DemoTests.xctest */;
			productType = "com.apple.product-type.bundle.unit-test";
		};
/* End PBXNativeTarget section */

/* Begin PBXProject section */
		D4F636061EE6B43400DFF4F4 /* Project object */ = {
			isa = PBXProject;
			attributes = {
				LastSwiftUpdateCheck = 0830;
				LastUpgradeCheck = 0830;
				ORGANIZATIONNAME = "Asian Tech";
				TargetAttributes = {
					D4F6360D1EE6B43400DFF4F4 = {
						CreatedOnToolsVersion = 8.3;
						ProvisioningStyle = Automatic;
					};
					D4F636211EE6B43500DFF4F4 = {
						CreatedOnToolsVersion = 8.3;
						LastSwiftMigration = 0830;
						ProvisioningStyle = Automatic;
						TestTargetID = D4F6360D1EE6B43400DFF4F4;
					};
				};
			};
			buildConfigurationList = D4F636091EE6B43400DFF4F4 /* Build configuration list for PBXProject "RxSwift-Demo" */;
			compatibilityVersion = "Xcode 3.2";
			developmentRegion = English;
			hasScannedForEncodings = 0;
			knownRegions = (
				en,
				Base,
			);
			mainGroup = D4F636051EE6B43400DFF4F4;
			productRefGroup = D4F6360F1EE6B43400DFF4F4 /* Products */;
			projectDirPath = "";
			projectRoot = "";
			targets = (
				D4F6360D1EE6B43400DFF4F4 /* RxSwift-Demo */,
				D4F636211EE6B43500DFF4F4 /* RxSwift-DemoTests */,
			);
		};
/* End PBXProject section */

/* Begin PBXResourcesBuildPhase section */
		D4F6360C1EE6B43400DFF4F4 /* Resources */ = {
			isa = PBXResourcesBuildPhase;
			buildActionMask = 2147483647;
			files = (
				D4148B861EEE3AF100BD6C3F /* Main.storyboard in Resources */,
				D4F636191EE6B43400DFF4F4 /* Assets.xcassets in Resources */,
				D4148B991EEE3B8200BD6C3F /* Calculator.storyboard in Resources */,
				D4148B9B1EEE3B8200BD6C3F /* Login.storyboard in Resources */,
				D4148BA41EEE3B8200BD6C3F /* Search.storyboard in Resources */,
				D4148B851EEE3AF100BD6C3F /* LaunchScreen.storyboard in Resources */,
				D4148BA31EEE3B8200BD6C3F /* ListCar.storyboard in Resources */,
			);
			runOnlyForDeploymentPostprocessing = 0;
		};
		D4F636201EE6B43500DFF4F4 /* Resources */ = {
			isa = PBXResourcesBuildPhase;
			buildActionMask = 2147483647;
			files = (
			);
			runOnlyForDeploymentPostprocessing = 0;
		};
/* End PBXResourcesBuildPhase section */

/* Begin PBXShellScriptBuildPhase section */
		08AD83DF9FB138019EF73CB7 /* [CP] Copy Pods Resources */ = {
			isa = PBXShellScriptBuildPhase;
			buildActionMask = 2147483647;
			files = (
			);
			inputPaths = (
			);
			name = "[CP] Copy Pods Resources";
			outputPaths = (
			);
			runOnlyForDeploymentPostprocessing = 0;
			shellPath = /bin/sh;
			shellScript = "\"${SRCROOT}/Pods/Target Support Files/Pods-RxSwift-DemoTests/Pods-RxSwift-DemoTests-resources.sh\"\n";
			showEnvVarsInLog = 0;
		};
		1F7F20CCF3B6CA478351764F /* [CP] Copy Pods Resources */ = {
			isa = PBXShellScriptBuildPhase;
			buildActionMask = 2147483647;
			files = (
			);
			inputPaths = (
			);
			name = "[CP] Copy Pods Resources";
			outputPaths = (
			);
			runOnlyForDeploymentPostprocessing = 0;
			shellPath = /bin/sh;
			shellScript = "\"${SRCROOT}/Pods/Target Support Files/Pods-RxSwift-Demo/Pods-RxSwift-Demo-resources.sh\"\n";
			showEnvVarsInLog = 0;
		};
		229D4CCDC636B3B76151D359 /* [CP] Check Pods Manifest.lock */ = {
			isa = PBXShellScriptBuildPhase;
			buildActionMask = 2147483647;
			files = (
			);
			inputPaths = (
			);
			name = "[CP] Check Pods Manifest.lock";
			outputPaths = (
			);
			runOnlyForDeploymentPostprocessing = 0;
			shellPath = /bin/sh;
			shellScript = "diff \"${PODS_PODFILE_DIR_PATH}/Podfile.lock\" \"${PODS_ROOT}/Manifest.lock\" > /dev/null\nif [ $? != 0 ] ; then\n    # print error to STDERR\n    echo \"error: The sandbox is not in sync with the Podfile.lock. Run 'pod install' or update your CocoaPods installation.\" >&2\n    exit 1\nfi\n";
			showEnvVarsInLog = 0;
		};
		8AD14A33843414767BA7CAB9 /* [CP] Embed Pods Frameworks */ = {
			isa = PBXShellScriptBuildPhase;
			buildActionMask = 2147483647;
			files = (
			);
			inputPaths = (
			);
			name = "[CP] Embed Pods Frameworks";
			outputPaths = (
			);
			runOnlyForDeploymentPostprocessing = 0;
			shellPath = /bin/sh;
			shellScript = "\"${SRCROOT}/Pods/Target Support Files/Pods-RxSwift-DemoTests/Pods-RxSwift-DemoTests-frameworks.sh\"\n";
			showEnvVarsInLog = 0;
		};
		AFBC6909D022CF13FA1F3662 /* [CP] Embed Pods Frameworks */ = {
			isa = PBXShellScriptBuildPhase;
			buildActionMask = 2147483647;
			files = (
			);
			inputPaths = (
			);
			name = "[CP] Embed Pods Frameworks";
			outputPaths = (
			);
			runOnlyForDeploymentPostprocessing = 0;
			shellPath = /bin/sh;
			shellScript = "\"${SRCROOT}/Pods/Target Support Files/Pods-RxSwift-Demo/Pods-RxSwift-Demo-frameworks.sh\"\n";
			showEnvVarsInLog = 0;
		};
		D4F6363D1EE6B70200DFF4F4 /* SwiftLint */ = {
			isa = PBXShellScriptBuildPhase;
			buildActionMask = 2147483647;
			files = (
			);
			inputPaths = (
			);
			name = SwiftLint;
			outputPaths = (
			);
			runOnlyForDeploymentPostprocessing = 0;
			shellPath = /bin/sh;
			shellScript = "if [[ \"$CI\" == 'true' ]]; then\nexit 0\nfi\n\nif [[ -s \"${PODS_ROOT}/SwiftLint/swiftlint\" ]]; then\necho 'Linting...'\n\"${PODS_ROOT}/SwiftLint/swiftlint\"\nelse\necho 'error: SwiftLint not installed, please read README first.'\nexit 1\nfi\n";
		};
		F4A712E33A3B4527062DD710 /* [CP] Check Pods Manifest.lock */ = {
			isa = PBXShellScriptBuildPhase;
			buildActionMask = 2147483647;
			files = (
			);
			inputPaths = (
			);
			name = "[CP] Check Pods Manifest.lock";
			outputPaths = (
			);
			runOnlyForDeploymentPostprocessing = 0;
			shellPath = /bin/sh;
			shellScript = "diff \"${PODS_PODFILE_DIR_PATH}/Podfile.lock\" \"${PODS_ROOT}/Manifest.lock\" > /dev/null\nif [ $? != 0 ] ; then\n    # print error to STDERR\n    echo \"error: The sandbox is not in sync with the Podfile.lock. Run 'pod install' or update your CocoaPods installation.\" >&2\n    exit 1\nfi\n";
			showEnvVarsInLog = 0;
		};
/* End PBXShellScriptBuildPhase section */

/* Begin PBXSourcesBuildPhase section */
		D4F6360A1EE6B43400DFF4F4 /* Sources */ = {
			isa = PBXSourcesBuildPhase;
			buildActionMask = 2147483647;
			files = (
				D4148B9C1EEE3B8200BD6C3F /* LoginViewController.swift in Sources */,
				D4148B811EEE3A1B00BD6C3F /* BaseViewController.swift in Sources */,
				D4148BA11EEE3B8200BD6C3F /* CarTableViewCell.swift in Sources */,
				D4148BA51EEE3B8200BD6C3F /* SearchController.swift in Sources */,
				D4148B9A1EEE3B8200BD6C3F /* CalculatorController.swift in Sources */,
				D4148B801EEE3A1B00BD6C3F /* AppDelegate.swift in Sources */,
				D4148B9D1EEE3B8200BD6C3F /* LoginViewModel.swift in Sources */,
				D4148BA21EEE3B8200BD6C3F /* CarViewModel.swift in Sources */,
				D4148B9E1EEE3B8200BD6C3F /* Car.swift in Sources */,
				D4148B9F1EEE3B8200BD6C3F /* CarController.swift in Sources */,
				D4148BA01EEE3B8200BD6C3F /* CarListViewModel.swift in Sources */,
				D4F6363C1EE6B50300DFF4F4 /* ViewController.swift in Sources */,
				D4F6363B1EE6B50300DFF4F4 /* Storyboard.swift in Sources */,
				D4148B821EEE3A1B00BD6C3F /* ExamplesController.swift in Sources */,
			);
			runOnlyForDeploymentPostprocessing = 0;
		};
		D4F6361E1EE6B43500DFF4F4 /* Sources */ = {
			isa = PBXSourcesBuildPhase;
			buildActionMask = 2147483647;
			files = (
				D4F6363F1EE6C11D00DFF4F4 /* CalculatorTests.swift in Sources */,
			);
			runOnlyForDeploymentPostprocessing = 0;
		};
/* End PBXSourcesBuildPhase section */

/* Begin PBXTargetDependency section */
		D4F636241EE6B43500DFF4F4 /* PBXTargetDependency */ = {
			isa = PBXTargetDependency;
			target = D4F6360D1EE6B43400DFF4F4 /* RxSwift-Demo */;
			targetProxy = D4F636231EE6B43500DFF4F4 /* PBXContainerItemProxy */;
		};
/* End PBXTargetDependency section */

/* Begin XCBuildConfiguration section */
		D4F636291EE6B43500DFF4F4 /* Debug */ = {
			isa = XCBuildConfiguration;
			buildSettings = {
				ALWAYS_SEARCH_USER_PATHS = NO;
				CLANG_ANALYZER_NONNULL = YES;
				CLANG_ANALYZER_NUMBER_OBJECT_CONVERSION = YES_AGGRESSIVE;
				CLANG_CXX_LANGUAGE_STANDARD = "gnu++0x";
				CLANG_CXX_LIBRARY = "libc++";
				CLANG_ENABLE_MODULES = YES;
				CLANG_ENABLE_OBJC_ARC = YES;
				CLANG_WARN_BOOL_CONVERSION = YES;
				CLANG_WARN_CONSTANT_CONVERSION = YES;
				CLANG_WARN_DIRECT_OBJC_ISA_USAGE = YES_ERROR;
				CLANG_WARN_DOCUMENTATION_COMMENTS = YES;
				CLANG_WARN_EMPTY_BODY = YES;
				CLANG_WARN_ENUM_CONVERSION = YES;
				CLANG_WARN_INFINITE_RECURSION = YES;
				CLANG_WARN_INT_CONVERSION = YES;
				CLANG_WARN_OBJC_ROOT_CLASS = YES_ERROR;
				CLANG_WARN_SUSPICIOUS_MOVE = YES;
				CLANG_WARN_UNREACHABLE_CODE = YES;
				CLANG_WARN__DUPLICATE_METHOD_MATCH = YES;
				"CODE_SIGN_IDENTITY[sdk=iphoneos*]" = "iPhone Developer";
				COPY_PHASE_STRIP = NO;
				DEBUG_INFORMATION_FORMAT = dwarf;
				ENABLE_STRICT_OBJC_MSGSEND = YES;
				ENABLE_TESTABILITY = YES;
				GCC_C_LANGUAGE_STANDARD = gnu99;
				GCC_DYNAMIC_NO_PIC = NO;
				GCC_NO_COMMON_BLOCKS = YES;
				GCC_OPTIMIZATION_LEVEL = 0;
				GCC_PREPROCESSOR_DEFINITIONS = (
					"DEBUG=1",
					"$(inherited)",
					"TRACE_RESOURCES=1",
				);
				GCC_WARN_64_TO_32_BIT_CONVERSION = YES;
				GCC_WARN_ABOUT_RETURN_TYPE = YES_ERROR;
				GCC_WARN_UNDECLARED_SELECTOR = YES;
				GCC_WARN_UNINITIALIZED_AUTOS = YES_AGGRESSIVE;
				GCC_WARN_UNUSED_FUNCTION = YES;
				GCC_WARN_UNUSED_VARIABLE = YES;
				IPHONEOS_DEPLOYMENT_TARGET = 10.3;
				MTL_ENABLE_DEBUG_INFO = YES;
				ONLY_ACTIVE_ARCH = YES;
				SDKROOT = iphoneos;
				SWIFT_ACTIVE_COMPILATION_CONDITIONS = "DEBUG -D TRACE_RESOURCES -D";
				SWIFT_OPTIMIZATION_LEVEL = "-Onone";
				TARGETED_DEVICE_FAMILY = "1,2";
			};
			name = Debug;
		};
		D4F6362A1EE6B43500DFF4F4 /* Release */ = {
			isa = XCBuildConfiguration;
			buildSettings = {
				ALWAYS_SEARCH_USER_PATHS = NO;
				CLANG_ANALYZER_NONNULL = YES;
				CLANG_ANALYZER_NUMBER_OBJECT_CONVERSION = YES_AGGRESSIVE;
				CLANG_CXX_LANGUAGE_STANDARD = "gnu++0x";
				CLANG_CXX_LIBRARY = "libc++";
				CLANG_ENABLE_MODULES = YES;
				CLANG_ENABLE_OBJC_ARC = YES;
				CLANG_WARN_BOOL_CONVERSION = YES;
				CLANG_WARN_CONSTANT_CONVERSION = YES;
				CLANG_WARN_DIRECT_OBJC_ISA_USAGE = YES_ERROR;
				CLANG_WARN_DOCUMENTATION_COMMENTS = YES;
				CLANG_WARN_EMPTY_BODY = YES;
				CLANG_WARN_ENUM_CONVERSION = YES;
				CLANG_WARN_INFINITE_RECURSION = YES;
				CLANG_WARN_INT_CONVERSION = YES;
				CLANG_WARN_OBJC_ROOT_CLASS = YES_ERROR;
				CLANG_WARN_SUSPICIOUS_MOVE = YES;
				CLANG_WARN_UNREACHABLE_CODE = YES;
				CLANG_WARN__DUPLICATE_METHOD_MATCH = YES;
				"CODE_SIGN_IDENTITY[sdk=iphoneos*]" = "iPhone Developer";
				COPY_PHASE_STRIP = NO;
				DEBUG_INFORMATION_FORMAT = "dwarf-with-dsym";
				ENABLE_NS_ASSERTIONS = NO;
				ENABLE_STRICT_OBJC_MSGSEND = YES;
				GCC_C_LANGUAGE_STANDARD = gnu99;
				GCC_NO_COMMON_BLOCKS = YES;
				GCC_WARN_64_TO_32_BIT_CONVERSION = YES;
				GCC_WARN_ABOUT_RETURN_TYPE = YES_ERROR;
				GCC_WARN_UNDECLARED_SELECTOR = YES;
				GCC_WARN_UNINITIALIZED_AUTOS = YES_AGGRESSIVE;
				GCC_WARN_UNUSED_FUNCTION = YES;
				GCC_WARN_UNUSED_VARIABLE = YES;
				IPHONEOS_DEPLOYMENT_TARGET = 10.3;
				MTL_ENABLE_DEBUG_INFO = NO;
				SDKROOT = iphoneos;
				SWIFT_OPTIMIZATION_LEVEL = "-Owholemodule";
				TARGETED_DEVICE_FAMILY = "1,2";
				VALIDATE_PRODUCT = YES;
			};
			name = Release;
		};
		D4F6362C1EE6B43500DFF4F4 /* Debug */ = {
			isa = XCBuildConfiguration;
			baseConfigurationReference = 4E69B518EA2286C4B8D70B8B /* Pods-RxSwift-Demo.debug.xcconfig */;
			buildSettings = {
				ASSETCATALOG_COMPILER_APPICON_NAME = AppIcon;
				INFOPLIST_FILE = "RxSwift-Demo/Info.plist";
				LD_RUNPATH_SEARCH_PATHS = "$(inherited) @executable_path/Frameworks";
				PRODUCT_BUNDLE_IDENTIFIER = "vn.asiantech.dev.rxswift.RxSwift-Demo";
				PRODUCT_NAME = "$(TARGET_NAME)";
				SWIFT_VERSION = 3.0;
			};
			name = Debug;
		};
		D4F6362D1EE6B43500DFF4F4 /* Release */ = {
			isa = XCBuildConfiguration;
			baseConfigurationReference = 4A3D3ED536CD01F6EF5AE36F /* Pods-RxSwift-Demo.release.xcconfig */;
			buildSettings = {
				ASSETCATALOG_COMPILER_APPICON_NAME = AppIcon;
				INFOPLIST_FILE = "RxSwift-Demo/Info.plist";
				LD_RUNPATH_SEARCH_PATHS = "$(inherited) @executable_path/Frameworks";
				PRODUCT_BUNDLE_IDENTIFIER = "vn.asiantech.dev.rxswift.RxSwift-Demo";
				PRODUCT_NAME = "$(TARGET_NAME)";
				SWIFT_VERSION = 3.0;
			};
			name = Release;
		};
		D4F6362F1EE6B43500DFF4F4 /* Debug */ = {
			isa = XCBuildConfiguration;
			baseConfigurationReference = D449C1F92858282EE5E68961 /* Pods-RxSwift-DemoTests.debug.xcconfig */;
			buildSettings = {
				ALWAYS_EMBED_SWIFT_STANDARD_LIBRARIES = YES;
				BUNDLE_LOADER = "$(TEST_HOST)";
				CLANG_ENABLE_MODULES = YES;
				INFOPLIST_FILE = "RxSwift-DemoTests/Info.plist";
				LD_RUNPATH_SEARCH_PATHS = "$(inherited) @executable_path/Frameworks @loader_path/Frameworks";
				PRODUCT_BUNDLE_IDENTIFIER = "vn.asiantech.dev.rxswift.RxSwift-DemoTests";
				PRODUCT_NAME = "$(TARGET_NAME)";
				SWIFT_OPTIMIZATION_LEVEL = "-Onone";
				SWIFT_VERSION = 3.0;
				TEST_HOST = "$(BUILT_PRODUCTS_DIR)/RxSwift-Demo.app/RxSwift-Demo";
			};
			name = Debug;
		};
		D4F636301EE6B43500DFF4F4 /* Release */ = {
			isa = XCBuildConfiguration;
			baseConfigurationReference = D2753F5CA3C6494A42002141 /* Pods-RxSwift-DemoTests.release.xcconfig */;
			buildSettings = {
				ALWAYS_EMBED_SWIFT_STANDARD_LIBRARIES = YES;
				BUNDLE_LOADER = "$(TEST_HOST)";
				CLANG_ENABLE_MODULES = YES;
				INFOPLIST_FILE = "RxSwift-DemoTests/Info.plist";
				LD_RUNPATH_SEARCH_PATHS = "$(inherited) @executable_path/Frameworks @loader_path/Frameworks";
				PRODUCT_BUNDLE_IDENTIFIER = "vn.asiantech.dev.rxswift.RxSwift-DemoTests";
				PRODUCT_NAME = "$(TARGET_NAME)";
				SWIFT_VERSION = 3.0;
				TEST_HOST = "$(BUILT_PRODUCTS_DIR)/RxSwift-Demo.app/RxSwift-Demo";
			};
			name = Release;
		};
/* End XCBuildConfiguration section */

/* Begin XCConfigurationList section */
		D4F636091EE6B43400DFF4F4 /* Build configuration list for PBXProject "RxSwift-Demo" */ = {
			isa = XCConfigurationList;
			buildConfigurations = (
				D4F636291EE6B43500DFF4F4 /* Debug */,
				D4F6362A1EE6B43500DFF4F4 /* Release */,
			);
			defaultConfigurationIsVisible = 0;
			defaultConfigurationName = Release;
		};
		D4F6362B1EE6B43500DFF4F4 /* Build configuration list for PBXNativeTarget "RxSwift-Demo" */ = {
			isa = XCConfigurationList;
			buildConfigurations = (
				D4F6362C1EE6B43500DFF4F4 /* Debug */,
				D4F6362D1EE6B43500DFF4F4 /* Release */,
			);
			defaultConfigurationIsVisible = 0;
			defaultConfigurationName = Release;
		};
		D4F6362E1EE6B43500DFF4F4 /* Build configuration list for PBXNativeTarget "RxSwift-DemoTests" */ = {
			isa = XCConfigurationList;
			buildConfigurations = (
				D4F6362F1EE6B43500DFF4F4 /* Debug */,
				D4F636301EE6B43500DFF4F4 /* Release */,
			);
			defaultConfigurationIsVisible = 0;
			defaultConfigurationName = Release;
		};
/* End XCConfigurationList section */
	};
	rootObject = D4F636061EE6B43400DFF4F4 /* Project object */;
}
